// !$*UTF8*$!
{
	archiveVersion = 1;
	classes = {
	};
	objectVersion = 56;
	objects = {

/* Begin PBXBuildFile section */
		379D27172A99001B003836C2 /* BadgeTestApp.swift in Sources */ = {isa = PBXBuildFile; fileRef = 379D27162A99001B003836C2 /* BadgeTestApp.swift */; };
		379D27192A99001B003836C2 /* ContentView.swift in Sources */ = {isa = PBXBuildFile; fileRef = 379D27182A99001B003836C2 /* ContentView.swift */; };
		379D271B2A99001D003836C2 /* Assets.xcassets in Resources */ = {isa = PBXBuildFile; fileRef = 379D271A2A99001D003836C2 /* Assets.xcassets */; };
		379D271E2A99001D003836C2 /* Preview Assets.xcassets in Resources */ = {isa = PBXBuildFile; fileRef = 379D271D2A99001D003836C2 /* Preview Assets.xcassets */; };
		379D27282A99001D003836C2 /* BadgeTestTests.swift in Sources */ = {isa = PBXBuildFile; fileRef = 379D27272A99001D003836C2 /* BadgeTestTests.swift */; };
		379D27322A99001D003836C2 /* BadgeTestUITests.swift in Sources */ = {isa = PBXBuildFile; fileRef = 379D27312A99001D003836C2 /* BadgeTestUITests.swift */; };
		379D27342A99001D003836C2 /* BadgeTestUITestsLaunchTests.swift in Sources */ = {isa = PBXBuildFile; fileRef = 379D27332A99001D003836C2 /* BadgeTestUITestsLaunchTests.swift */; };
/* End PBXBuildFile section */

/* Begin PBXContainerItemProxy section */
		379D27242A99001D003836C2 /* PBXContainerItemProxy */ = {
			isa = PBXContainerItemProxy;
			containerPortal = 379D270B2A99001B003836C2 /* Project object */;
			proxyType = 1;
			remoteGlobalIDString = 379D27122A99001B003836C2;
			remoteInfo = BadgeTest;
		};
		379D272E2A99001D003836C2 /* PBXContainerItemProxy */ = {
			isa = PBXContainerItemProxy;
			containerPortal = 379D270B2A99001B003836C2 /* Project object */;
			proxyType = 1;
			remoteGlobalIDString = 379D27122A99001B003836C2;
			remoteInfo = BadgeTest;
		};
/* End PBXContainerItemProxy section */

/* Begin PBXFileReference section */
		379D27132A99001B003836C2 /* BadgeTest.app */ = {isa = PBXFileReference; explicitFileType = wrapper.application; includeInIndex = 0; path = BadgeTest.app; sourceTree = BUILT_PRODUCTS_DIR; };
		379D27162A99001B003836C2 /* BadgeTestApp.swift */ = {isa = PBXFileReference; lastKnownFileType = sourcecode.swift; path = BadgeTestApp.swift; sourceTree = "<group>"; };
		379D27182A99001B003836C2 /* ContentView.swift */ = {isa = PBXFileReference; lastKnownFileType = sourcecode.swift; path = ContentView.swift; sourceTree = "<group>"; };
		379D271A2A99001D003836C2 /* Assets.xcassets */ = {isa = PBXFileReference; lastKnownFileType = folder.assetcatalog; path = Assets.xcassets; sourceTree = "<group>"; };
		379D271D2A99001D003836C2 /* Preview Assets.xcassets */ = {isa = PBXFileReference; lastKnownFileType = folder.assetcatalog; path = "Preview Assets.xcassets"; sourceTree = "<group>"; };
		379D27232A99001D003836C2 /* BadgeTestTests.xctest */ = {isa = PBXFileReference; explicitFileType = wrapper.cfbundle; includeInIndex = 0; path = BadgeTestTests.xctest; sourceTree = BUILT_PRODUCTS_DIR; };
		379D27272A99001D003836C2 /* BadgeTestTests.swift */ = {isa = PBXFileReference; lastKnownFileType = sourcecode.swift; path = BadgeTestTests.swift; sourceTree = "<group>"; };
		379D272D2A99001D003836C2 /* BadgeTestUITests.xctest */ = {isa = PBXFileReference; explicitFileType = wrapper.cfbundle; includeInIndex = 0; path = BadgeTestUITests.xctest; sourceTree = BUILT_PRODUCTS_DIR; };
		379D27312A99001D003836C2 /* BadgeTestUITests.swift */ = {isa = PBXFileReference; lastKnownFileType = sourcecode.swift; path = BadgeTestUITests.swift; sourceTree = "<group>"; };
		379D27332A99001D003836C2 /* BadgeTestUITestsLaunchTests.swift */ = {isa = PBXFileReference; lastKnownFileType = sourcecode.swift; path = BadgeTestUITestsLaunchTests.swift; sourceTree = "<group>"; };
/* End PBXFileReference section */

/* Begin PBXFrameworksBuildPhase section */
		379D27102A99001B003836C2 /* Frameworks */ = {
			isa = PBXFrameworksBuildPhase;
			buildActionMask = 2147483647;
			files = (
			);
			runOnlyForDeploymentPostprocessing = 0;
		};
		379D27202A99001D003836C2 /* Frameworks */ = {
			isa = PBXFrameworksBuildPhase;
			buildActionMask = 2147483647;
			files = (
			);
			runOnlyForDeploymentPostprocessing = 0;
		};
		379D272A2A99001D003836C2 /* Frameworks */ = {
			isa = PBXFrameworksBuildPhase;
			buildActionMask = 2147483647;
			files = (
			);
			runOnlyForDeploymentPostprocessing = 0;
		};
/* End PBXFrameworksBuildPhase section */

/* Begin PBXGroup section */
		379D270A2A99001B003836C2 = {
			isa = PBXGroup;
			children = (
				379D27152A99001B003836C2 /* BadgeTest */,
				379D27262A99001D003836C2 /* BadgeTestTests */,
				379D27302A99001D003836C2 /* BadgeTestUITests */,
				379D27142A99001B003836C2 /* Products */,
			);
			sourceTree = "<group>";
		};
		379D27142A99001B003836C2 /* Products */ = {
			isa = PBXGroup;
			children = (
				379D27132A99001B003836C2 /* BadgeTest.app */,
				379D27232A99001D003836C2 /* BadgeTestTests.xctest */,
				379D272D2A99001D003836C2 /* BadgeTestUITests.xctest */,
			);
			name = Products;
			sourceTree = "<group>";
		};
		379D27152A99001B003836C2 /* BadgeTest */ = {
			isa = PBXGroup;
			children = (
				379D27162A99001B003836C2 /* BadgeTestApp.swift */,
				379D27182A99001B003836C2 /* ContentView.swift */,
				379D271A2A99001D003836C2 /* Assets.xcassets */,
				379D271C2A99001D003836C2 /* Preview Content */,
			);
			path = BadgeTest;
			sourceTree = "<group>";
		};
		379D271C2A99001D003836C2 /* Preview Content */ = {
			isa = PBXGroup;
			children = (
				379D271D2A99001D003836C2 /* Preview Assets.xcassets */,
			);
			path = "Preview Content";
			sourceTree = "<group>";
		};
		379D27262A99001D003836C2 /* BadgeTestTests */ = {
			isa = PBXGroup;
			children = (
				379D27272A99001D003836C2 /* BadgeTestTests.swift */,
			);
			path = BadgeTestTests;
			sourceTree = "<group>";
		};
		379D27302A99001D003836C2 /* BadgeTestUITests */ = {
			isa = PBXGroup;
			children = (
				379D27312A99001D003836C2 /* BadgeTestUITests.swift */,
				379D27332A99001D003836C2 /* BadgeTestUITestsLaunchTests.swift */,
			);
			path = BadgeTestUITests;
			sourceTree = "<group>";
		};
/* End PBXGroup section */

/* Begin PBXNativeTarget section */
		379D27122A99001B003836C2 /* BadgeTest */ = {
			isa = PBXNativeTarget;
			buildConfigurationList = 379D27372A99001D003836C2 /* Build configuration list for PBXNativeTarget "BadgeTest" */;
			buildPhases = (
				379D270F2A99001B003836C2 /* Sources */,
				379D27102A99001B003836C2 /* Frameworks */,
				379D27112A99001B003836C2 /* Resources */,
			);
			buildRules = (
			);
			dependencies = (
			);
			name = BadgeTest;
			productName = BadgeTest;
			productReference = 379D27132A99001B003836C2 /* BadgeTest.app */;
			productType = "com.apple.product-type.application";
		};
		379D27222A99001D003836C2 /* BadgeTestTests */ = {
			isa = PBXNativeTarget;
			buildConfigurationList = 379D273A2A99001D003836C2 /* Build configuration list for PBXNativeTarget "BadgeTestTests" */;
			buildPhases = (
				379D271F2A99001D003836C2 /* Sources */,
				379D27202A99001D003836C2 /* Frameworks */,
				379D27212A99001D003836C2 /* Resources */,
			);
			buildRules = (
			);
			dependencies = (
				379D27252A99001D003836C2 /* PBXTargetDependency */,
			);
			name = BadgeTestTests;
			productName = BadgeTestTests;
			productReference = 379D27232A99001D003836C2 /* BadgeTestTests.xctest */;
			productType = "com.apple.product-type.bundle.unit-test";
		};
		379D272C2A99001D003836C2 /* BadgeTestUITests */ = {
			isa = PBXNativeTarget;
			buildConfigurationList = 379D273D2A99001D003836C2 /* Build configuration list for PBXNativeTarget "BadgeTestUITests" */;
			buildPhases = (
				379D27292A99001D003836C2 /* Sources */,
				379D272A2A99001D003836C2 /* Frameworks */,
				379D272B2A99001D003836C2 /* Resources */,
			);
			buildRules = (
			);
			dependencies = (
				379D272F2A99001D003836C2 /* PBXTargetDependency */,
			);
			name = BadgeTestUITests;
			productName = BadgeTestUITests;
			productReference = 379D272D2A99001D003836C2 /* BadgeTestUITests.xctest */;
			productType = "com.apple.product-type.bundle.ui-testing";
		};
/* End PBXNativeTarget section */

/* Begin PBXProject section */
		379D270B2A99001B003836C2 /* Project object */ = {
			isa = PBXProject;
			attributes = {
				BuildIndependentTargetsInParallel = 1;
				LastSwiftUpdateCheck = 1430;
				LastUpgradeCheck = 1430;
				TargetAttributes = {
					379D27122A99001B003836C2 = {
						CreatedOnToolsVersion = 14.3.1;
					};
					379D27222A99001D003836C2 = {
						CreatedOnToolsVersion = 14.3.1;
						TestTargetID = 379D27122A99001B003836C2;
					};
					379D272C2A99001D003836C2 = {
						CreatedOnToolsVersion = 14.3.1;
						TestTargetID = 379D27122A99001B003836C2;
					};
				};
			};
			buildConfigurationList = 379D270E2A99001B003836C2 /* Build configuration list for PBXProject "BadgeTest" */;
			compatibilityVersion = "Xcode 14.0";
			developmentRegion = en;
			hasScannedForEncodings = 0;
			knownRegions = (
				en,
				Base,
			);
			mainGroup = 379D270A2A99001B003836C2;
			productRefGroup = 379D27142A99001B003836C2 /* Products */;
			projectDirPath = "";
			projectRoot = "";
			targets = (
				379D27122A99001B003836C2 /* BadgeTest */,
				379D27222A99001D003836C2 /* BadgeTestTests */,
				379D272C2A99001D003836C2 /* BadgeTestUITests */,
			);
		};
/* End PBXProject section */

/* Begin PBXResourcesBuildPhase section */
		379D27112A99001B003836C2 /* Resources */ = {
			isa = PBXResourcesBuildPhase;
			buildActionMask = 2147483647;
			files = (
				379D271E2A99001D003836C2 /* Preview Assets.xcassets in Resources */,
				379D271B2A99001D003836C2 /* Assets.xcassets in Resources */,
			);
			runOnlyForDeploymentPostprocessing = 0;
		};
		379D27212A99001D003836C2 /* Resources */ = {
			isa = PBXResourcesBuildPhase;
			buildActionMask = 2147483647;
			files = (
			);
			runOnlyForDeploymentPostprocessing = 0;
		};
		379D272B2A99001D003836C2 /* Resources */ = {
			isa = PBXResourcesBuildPhase;
			buildActionMask = 2147483647;
			files = (
			);
			runOnlyForDeploymentPostprocessing = 0;
		};
/* End PBXResourcesBuildPhase section */

/* Begin PBXSourcesBuildPhase section */
		379D270F2A99001B003836C2 /* Sources */ = {
			isa = PBXSourcesBuildPhase;
			buildActionMask = 2147483647;
			files = (
				379D27192A99001B003836C2 /* ContentView.swift in Sources */,
				379D27172A99001B003836C2 /* BadgeTestApp.swift in Sources */,
			);
			runOnlyForDeploymentPostprocessing = 0;
		};
		379D271F2A99001D003836C2 /* Sources */ = {
			isa = PBXSourcesBuildPhase;
			buildActionMask = 2147483647;
			files = (
				379D27282A99001D003836C2 /* BadgeTestTests.swift in Sources */,
			);
			runOnlyForDeploymentPostprocessing = 0;
		};
		379D27292A99001D003836C2 /* Sources */ = {
			isa = PBXSourcesBuildPhase;
			buildActionMask = 2147483647;
			files = (
				379D27342A99001D003836C2 /* BadgeTestUITestsLaunchTests.swift in Sources */,
				379D27322A99001D003836C2 /* BadgeTestUITests.swift in Sources */,
			);
			runOnlyForDeploymentPostprocessing = 0;
		};
/* End PBXSourcesBuildPhase section */

/* Begin PBXTargetDependency section */
		379D27252A99001D003836C2 /* PBXTargetDependency */ = {
			isa = PBXTargetDependency;
			target = 379D27122A99001B003836C2 /* BadgeTest */;
			targetProxy = 379D27242A99001D003836C2 /* PBXContainerItemProxy */;
		};
		379D272F2A99001D003836C2 /* PBXTargetDependency */ = {
			isa = PBXTargetDependency;
			target = 379D27122A99001B003836C2 /* BadgeTest */;
			targetProxy = 379D272E2A99001D003836C2 /* PBXContainerItemProxy */;
		};
/* End PBXTargetDependency section */

/* Begin XCBuildConfiguration section */
		379D27352A99001D003836C2 /* Debug */ = {
			isa = XCBuildConfiguration;
			buildSettings = {
				ALWAYS_SEARCH_USER_PATHS = NO;
				CLANG_ANALYZER_NONNULL = YES;
				CLANG_ANALYZER_NUMBER_OBJECT_CONVERSION = YES_AGGRESSIVE;
				CLANG_CXX_LANGUAGE_STANDARD = "gnu++20";
				CLANG_ENABLE_MODULES = YES;
				CLANG_ENABLE_OBJC_ARC = YES;
				CLANG_ENABLE_OBJC_WEAK = YES;
				CLANG_WARN_BLOCK_CAPTURE_AUTORELEASING = YES;
				CLANG_WARN_BOOL_CONVERSION = YES;
				CLANG_WARN_COMMA = YES;
				CLANG_WARN_CONSTANT_CONVERSION = YES;
				CLANG_WARN_DEPRECATED_OBJC_IMPLEMENTATIONS = YES;
				CLANG_WARN_DIRECT_OBJC_ISA_USAGE = YES_ERROR;
				CLANG_WARN_DOCUMENTATION_COMMENTS = YES;
				CLANG_WARN_EMPTY_BODY = YES;
				CLANG_WARN_ENUM_CONVERSION = YES;
				CLANG_WARN_INFINITE_RECURSION = YES;
				CLANG_WARN_INT_CONVERSION = YES;
				CLANG_WARN_NON_LITERAL_NULL_CONVERSION = YES;
				CLANG_WARN_OBJC_IMPLICIT_RETAIN_SELF = YES;
				CLANG_WARN_OBJC_LITERAL_CONVERSION = YES;
				CLANG_WARN_OBJC_ROOT_CLASS = YES_ERROR;
				CLANG_WARN_QUOTED_INCLUDE_IN_FRAMEWORK_HEADER = YES;
				CLANG_WARN_RANGE_LOOP_ANALYSIS = YES;
				CLANG_WARN_STRICT_PROTOTYPES = YES;
				CLANG_WARN_SUSPICIOUS_MOVE = YES;
				CLANG_WARN_UNGUARDED_AVAILABILITY = YES_AGGRESSIVE;
				CLANG_WARN_UNREACHABLE_CODE = YES;
				CLANG_WARN__DUPLICATE_METHOD_MATCH = YES;
				COPY_PHASE_STRIP = NO;
				DEBUG_INFORMATION_FORMAT = dwarf;
				ENABLE_STRICT_OBJC_MSGSEND = YES;
				ENABLE_TESTABILITY = YES;
				GCC_C_LANGUAGE_STANDARD = gnu11;
				GCC_DYNAMIC_NO_PIC = NO;
				GCC_NO_COMMON_BLOCKS = YES;
				GCC_OPTIMIZATION_LEVEL = 0;
				GCC_PREPROCESSOR_DEFINITIONS = (
					"DEBUG=1",
					"$(inherited)",
				);
				GCC_WARN_64_TO_32_BIT_CONVERSION = YES;
				GCC_WARN_ABOUT_RETURN_TYPE = YES_ERROR;
				GCC_WARN_UNDECLARED_SELECTOR = YES;
				GCC_WARN_UNINITIALIZED_AUTOS = YES_AGGRESSIVE;
				GCC_WARN_UNUSED_FUNCTION = YES;
				GCC_WARN_UNUSED_VARIABLE = YES;
				IPHONEOS_DEPLOYMENT_TARGET = 16.4;
				MTL_ENABLE_DEBUG_INFO = INCLUDE_SOURCE;
				MTL_FAST_MATH = YES;
				ONLY_ACTIVE_ARCH = YES;
				SDKROOT = iphoneos;
				SWIFT_ACTIVE_COMPILATION_CONDITIONS = DEBUG;
				SWIFT_OPTIMIZATION_LEVEL = "-Onone";
			};
			name = Debug;
		};
		379D27362A99001D003836C2 /* Release */ = {
			isa = XCBuildConfiguration;
			buildSettings = {
				ALWAYS_SEARCH_USER_PATHS = NO;
				CLANG_ANALYZER_NONNULL = YES;
				CLANG_ANALYZER_NUMBER_OBJECT_CONVERSION = YES_AGGRESSIVE;
				CLANG_CXX_LANGUAGE_STANDARD = "gnu++20";
				CLANG_ENABLE_MODULES = YES;
				CLANG_ENABLE_OBJC_ARC = YES;
				CLANG_ENABLE_OBJC_WEAK = YES;
				CLANG_WARN_BLOCK_CAPTURE_AUTORELEASING = YES;
				CLANG_WARN_BOOL_CONVERSION = YES;
				CLANG_WARN_COMMA = YES;
				CLANG_WARN_CONSTANT_CONVERSION = YES;
				CLANG_WARN_DEPRECATED_OBJC_IMPLEMENTATIONS = YES;
				CLANG_WARN_DIRECT_OBJC_ISA_USAGE = YES_ERROR;
				CLANG_WARN_DOCUMENTATION_COMMENTS = YES;
				CLANG_WARN_EMPTY_BODY = YES;
				CLANG_WARN_ENUM_CONVERSION = YES;
				CLANG_WARN_INFINITE_RECURSION = YES;
				CLANG_WARN_INT_CONVERSION = YES;
				CLANG_WARN_NON_LITERAL_NULL_CONVERSION = YES;
				CLANG_WARN_OBJC_IMPLICIT_RETAIN_SELF = YES;
				CLANG_WARN_OBJC_LITERAL_CONVERSION = YES;
				CLANG_WARN_OBJC_ROOT_CLASS = YES_ERROR;
				CLANG_WARN_QUOTED_INCLUDE_IN_FRAMEWORK_HEADER = YES;
				CLANG_WARN_RANGE_LOOP_ANALYSIS = YES;
				CLANG_WARN_STRICT_PROTOTYPES = YES;
				CLANG_WARN_SUSPICIOUS_MOVE = YES;
				CLANG_WARN_UNGUARDED_AVAILABILITY = YES_AGGRESSIVE;
				CLANG_WARN_UNREACHABLE_CODE = YES;
				CLANG_WARN__DUPLICATE_METHOD_MATCH = YES;
				COPY_PHASE_STRIP = NO;
				DEBUG_INFORMATION_FORMAT = "dwarf-with-dsym";
				ENABLE_NS_ASSERTIONS = NO;
				ENABLE_STRICT_OBJC_MSGSEND = YES;
				GCC_C_LANGUAGE_STANDARD = gnu11;
				GCC_NO_COMMON_BLOCKS = YES;
				GCC_WARN_64_TO_32_BIT_CONVERSION = YES;
				GCC_WARN_ABOUT_RETURN_TYPE = YES_ERROR;
				GCC_WARN_UNDECLARED_SELECTOR = YES;
				GCC_WARN_UNINITIALIZED_AUTOS = YES_AGGRESSIVE;
				GCC_WARN_UNUSED_FUNCTION = YES;
				GCC_WARN_UNUSED_VARIABLE = YES;
				IPHONEOS_DEPLOYMENT_TARGET = 16.4;
				MTL_ENABLE_DEBUG_INFO = NO;
				MTL_FAST_MATH = YES;
				SDKROOT = iphoneos;
				SWIFT_COMPILATION_MODE = wholemodule;
				SWIFT_OPTIMIZATION_LEVEL = "-O";
				VALIDATE_PRODUCT = YES;
			};
			name = Release;
		};
		379D27382A99001D003836C2 /* Debug */ = {
			isa = XCBuildConfiguration;
			buildSettings = {
				ASSETCATALOG_COMPILER_APPICON_NAME = AppIcon;
				ASSETCATALOG_COMPILER_GLOBAL_ACCENT_COLOR_NAME = AccentColor;
				CODE_SIGN_STYLE = Automatic;
				CURRENT_PROJECT_VERSION = 1;
				DEVELOPMENT_ASSET_PATHS = "\"BadgeTest/Preview Content\"";
				DEVELOPMENT_TEAM = LV2XTPVXP7;
				ENABLE_PREVIEWS = YES;
				GENERATE_INFOPLIST_FILE = YES;
				INFOPLIST_KEY_UIApplicationSceneManifest_Generation = YES;
				INFOPLIST_KEY_UIApplicationSupportsIndirectInputEvents = YES;
				INFOPLIST_KEY_UILaunchScreen_Generation = YES;
				INFOPLIST_KEY_UISupportedInterfaceOrientations_iPad = "UIInterfaceOrientationPortrait UIInterfaceOrientationPortraitUpsideDown UIInterfaceOrientationLandscapeLeft UIInterfaceOrientationLandscapeRight";
				INFOPLIST_KEY_UISupportedInterfaceOrientations_iPhone = "UIInterfaceOrientationPortrait UIInterfaceOrientationLandscapeLeft UIInterfaceOrientationLandscapeRight";
				IPHONEOS_DEPLOYMENT_TARGET = 15.4;
				LD_RUNPATH_SEARCH_PATHS = (
					"$(inherited)",
					"@executable_path/Frameworks",
				);
				MARKETING_VERSION = 1.0;
				PRODUCT_BUNDLE_IDENTIFIER = CompanyX.BadgeTest;
				PRODUCT_NAME = "$(TARGET_NAME)";
				SWIFT_EMIT_LOC_STRINGS = YES;
				SWIFT_VERSION = 5.0;
				TARGETED_DEVICE_FAMILY = "1,2";
			};
			name = Debug;
		};
		379D27392A99001D003836C2 /* Release */ = {
			isa = XCBuildConfiguration;
			buildSettings = {
				ASSETCATALOG_COMPILER_APPICON_NAME = AppIcon;
				ASSETCATALOG_COMPILER_GLOBAL_ACCENT_COLOR_NAME = AccentColor;
				CODE_SIGN_STYLE = Automatic;
				CURRENT_PROJECT_VERSION = 1;
				DEVELOPMENT_ASSET_PATHS = "\"BadgeTest/Preview Content\"";
				DEVELOPMENT_TEAM = LV2XTPVXP7;
				ENABLE_PREVIEWS = YES;
				GENERATE_INFOPLIST_FILE = YES;
				INFOPLIST_KEY_UIApplicationSceneManifest_Generation = YES;
				INFOPLIST_KEY_UIApplicationSupportsIndirectInputEvents = YES;
				INFOPLIST_KEY_UILaunchScreen_Generation = YES;
				INFOPLIST_KEY_UISupportedInterfaceOrientations_iPad = "UIInterfaceOrientationPortrait UIInterfaceOrientationPortraitUpsideDown UIInterfaceOrientationLandscapeLeft UIInterfaceOrientationLandscapeRight";
				INFOPLIST_KEY_UISupportedInterfaceOrientations_iPhone = "UIInterfaceOrientationPortrait UIInterfaceOrientationLandscapeLeft UIInterfaceOrientationLandscapeRight";
				IPHONEOS_DEPLOYMENT_TARGET = 15.4;
				LD_RUNPATH_SEARCH_PATHS = (
					"$(inherited)",
					"@executable_path/Frameworks",
				);
				MARKETING_VERSION = 1.0;
				PRODUCT_BUNDLE_IDENTIFIER = CompanyX.BadgeTest;
				PRODUCT_NAME = "$(TARGET_NAME)";
				SWIFT_EMIT_LOC_STRINGS = YES;
				SWIFT_VERSION = 5.0;
				TARGETED_DEVICE_FAMILY = "1,2";
			};
			name = Release;
		};
		379D273B2A99001D003836C2 /* Debug */ = {
			isa = XCBuildConfiguration;
			buildSettings = {
				ALWAYS_EMBED_SWIFT_STANDARD_LIBRARIES = YES;
				BUNDLE_LOADER = "$(TEST_HOST)";
				CODE_SIGN_STYLE = Automatic;
				CURRENT_PROJECT_VERSION = 1;
				DEVELOPMENT_TEAM = LV2XTPVXP7;
				GENERATE_INFOPLIST_FILE = YES;
				IPHONEOS_DEPLOYMENT_TARGET = 16.4;
				MARKETING_VERSION = 1.0;
				PRODUCT_BUNDLE_IDENTIFIER = CompanyX.BadgeTestTests;
				PRODUCT_NAME = "$(TARGET_NAME)";
				SWIFT_EMIT_LOC_STRINGS = NO;
				SWIFT_VERSION = 5.0;
				TARGETED_DEVICE_FAMILY = "1,2";
				TEST_HOST = "$(BUILT_PRODUCTS_DIR)/BadgeTest.app/$(BUNDLE_EXECUTABLE_FOLDER_PATH)/BadgeTest";
			};
			name = Debug;
		};
		379D273C2A99001D003836C2 /* Release */ = {
			isa = XCBuildConfiguration;
			buildSettings = {
				ALWAYS_EMBED_SWIFT_STANDARD_LIBRARIES = YES;
				BUNDLE_LOADER = "$(TEST_HOST)";
				CODE_SIGN_STYLE = Automatic;
				CURRENT_PROJECT_VERSION = 1;
				DEVELOPMENT_TEAM = LV2XTPVXP7;
				GENERATE_INFOPLIST_FILE = YES;
				IPHONEOS_DEPLOYMENT_TARGET = 16.4;
				MARKETING_VERSION = 1.0;
				PRODUCT_BUNDLE_IDENTIFIER = CompanyX.BadgeTestTests;
				PRODUCT_NAME = "$(TARGET_NAME)";
				SWIFT_EMIT_LOC_STRINGS = NO;
				SWIFT_VERSION = 5.0;
				TARGETED_DEVICE_FAMILY = "1,2";
				TEST_HOST = "$(BUILT_PRODUCTS_DIR)/BadgeTest.app/$(BUNDLE_EXECUTABLE_FOLDER_PATH)/BadgeTest";
			};
			name = Release;
		};
		379D273E2A99001D003836C2 /* Debug */ = {
			isa = XCBuildConfiguration;
			buildSettings = {
				ALWAYS_EMBED_SWIFT_STANDARD_LIBRARIES = YES;
				CODE_SIGN_STYLE = Automatic;
				CURRENT_PROJECT_VERSION = 1;
				DEVELOPMENT_TEAM = LV2XTPVXP7;
				GENERATE_INFOPLIST_FILE = YES;
				MARKETING_VERSION = 1.0;
				PRODUCT_BUNDLE_IDENTIFIER = CompanyX.BadgeTestUITests;
				PRODUCT_NAME = "$(TARGET_NAME)";
				SWIFT_EMIT_LOC_STRINGS = NO;
				SWIFT_VERSION = 5.0;
				TARGETED_DEVICE_FAMILY = "1,2";
				TEST_TARGET_NAME = BadgeTest;
			};
			name = Debug;
		};
		379D273F2A99001D003836C2 /* Release */ = {
			isa = XCBuildConfiguration;
			buildSettings = {
				ALWAYS_EMBED_SWIFT_STANDARD_LIBRARIES = YES;
				CODE_SIGN_STYLE = Automatic;
				CURRENT_PROJECT_VERSION = 1;
				DEVELOPMENT_TEAM = LV2XTPVXP7;
				GENERATE_INFOPLIST_FILE = YES;
				MARKETING_VERSION = 1.0;
				PRODUCT_BUNDLE_IDENTIFIER = CompanyX.BadgeTestUITests;
				PRODUCT_NAME = "$(TARGET_NAME)";
				SWIFT_EMIT_LOC_STRINGS = NO;
				SWIFT_VERSION = 5.0;
				TARGETED_DEVICE_FAMILY = "1,2";
				TEST_TARGET_NAME = BadgeTest;
			};
			name = Release;
		};
/* End XCBuildConfiguration section */

/* Begin XCConfigurationList section */
		379D270E2A99001B003836C2 /* Build configuration list for PBXProject "BadgeTest" */ = {
			isa = XCConfigurationList;
			buildConfigurations = (
				379D27352A99001D003836C2 /* Debug */,
				379D27362A99001D003836C2 /* Release */,
			);
			defaultConfigurationIsVisible = 0;
			defaultConfigurationName = Release;
		};
		379D27372A99001D003836C2 /* Build configuration list for PBXNativeTarget "BadgeTest" */ = {
			isa = XCConfigurationList;
			buildConfigurations = (
				379D27382A99001D003836C2 /* Debug */,
				379D27392A99001D003836C2 /* Release */,
			);
			defaultConfigurationIsVisible = 0;
			defaultConfigurationName = Release;
		};
		379D273A2A99001D003836C2 /* Build configuration list for PBXNativeTarget "BadgeTestTests" */ = {
			isa = XCConfigurationList;
			buildConfigurations = (
				379D273B2A99001D003836C2 /* Debug */,
				379D273C2A99001D003836C2 /* Release */,
			);
			defaultConfigurationIsVisible = 0;
			defaultConfigurationName = Release;
		};
		379D273D2A99001D003836C2 /* Build configuration list for PBXNativeTarget "BadgeTestUITests" */ = {
			isa = XCConfigurationList;
			buildConfigurations = (
				379D273E2A99001D003836C2 /* Debug */,
				379D273F2A99001D003836C2 /* Release */,
			);
			defaultConfigurationIsVisible = 0;
			defaultConfigurationName = Release;
		};
/* End XCConfigurationList section */
	};
	rootObject = 379D270B2A99001B003836C2 /* Project object */;
}
